
Microsoft Visual Studio Solution File, Format Version 12.00
# Visual Studio Version 18
VisualStudioVersion = 18.0.11217.181
MinimumVisualStudioVersion = 10.0.40219.1
Project("{2150E333-8FDC-42A3-9474-1A3956D46DE8}") = "AbstractFactory", "AbstractFactory", "{36D591C7-65C7-A0D1-1CBC-10CDE441BDC8}"
EndProject
Project("{2150E333-8FDC-42A3-9474-1A3956D46DE8}") = "Builder", "Builder", "{363AED24-12B9-43CA-BF1A-60730D983927}"
EndProject
Project("{2150E333-8FDC-42A3-9474-1A3956D46DE8}") = "FactoryMethod", "FactoryMethod", "{D2E79E18-9C75-4C88-92AB-750BBC99A30C}"
EndProject
Project("{2150E333-8FDC-42A3-9474-1A3956D46DE8}") = "Prototype", "Prototype", "{A3B2897A-D931-4053-9BAE-8ACAEE852B56}"
EndProject
Project("{2150E333-8FDC-42A3-9474-1A3956D46DE8}") = "Singleton", "Singleton", "{2AFB9E0A-9E8B-49D4-97E6-FEE9379769A2}"
EndProject
Project("{2150E333-8FDC-42A3-9474-1A3956D46DE8}") = "GenerativePatterns", "GenerativePatterns", "{39CC9293-4097-4A90-BD61-6ED2B99C4CBB}"
EndProject
Project("{2150E333-8FDC-42A3-9474-1A3956D46DE8}") = "StructuralPatterns", "StructuralPatterns", "{B5B4F350-7B45-4B48-8AD5-0BAFECF7B6D1}"
EndProject
Project("{2150E333-8FDC-42A3-9474-1A3956D46DE8}") = "Facade", "Facade", "{ADD72B37-E140-41D6-ADEC-D815BF3C0B08}"
EndProject
Project("{2150E333-8FDC-42A3-9474-1A3956D46DE8}") = "Adapter", "Adapter", "{88182EDD-0C22-413A-B83D-8003707506A3}"
EndProject
Project("{2150E333-8FDC-42A3-9474-1A3956D46DE8}") = "Bridge", "Bridge", "{96696E0E-F654-4064-A55F-CB36F3A0381B}"
EndProject
Project("{FAE04EC0-301F-11D3-BF4B-00C04F79EFBC}") = "MazeLibrary", "GenerativePatterns\MazeLibrary\MazeLibrary.csproj", "{06B32D6A-F2A9-7984-29EB-EED9E2A83A2C}"
EndProject
Project("{FAE04EC0-301F-11D3-BF4B-00C04F79EFBC}") = "MazeAbstractFactory", "GenerativePatterns\AbstractFactory\MazeAbstractFactory\MazeAbstractFactory.csproj", "{D5623D6B-5238-8423-894E-9DA7E45F7F28}"
EndProject
Project("{FAE04EC0-301F-11D3-BF4B-00C04F79EFBC}") = "ProgramAbstractFactory", "GenerativePatterns\AbstractFactory\ProgramAbstractFactory\ProgramAbstractFactory.csproj", "{A78B3C38-F18C-1560-F10F-2CE3990B35E3}"
EndProject
Project("{FAE04EC0-301F-11D3-BF4B-00C04F79EFBC}") = "MazeBuilder", "GenerativePatterns\Builder\MazeBuilder\MazeBuilder.csproj", "{A598AECE-FCC3-B475-4977-A1B0DBBEFBFA}"
EndProject
Project("{FAE04EC0-301F-11D3-BF4B-00C04F79EFBC}") = "ProgramBuilder", "GenerativePatterns\Builder\ProgramBuilder\ProgramBuilder.csproj", "{5D39719C-8FB6-F5E8-4660-0325E104B245}"
EndProject
Project("{FAE04EC0-301F-11D3-BF4B-00C04F79EFBC}") = "MazeFactoryMethod", "GenerativePatterns\FactoryMethod\MazeFactoryMethod\MazeFactoryMethod.csproj", "{31DF08B4-AA94-C2DA-7882-7B2CB4D5609B}"
EndProject
Project("{FAE04EC0-301F-11D3-BF4B-00C04F79EFBC}") = "ProgramFactoryMethod", "GenerativePatterns\FactoryMethod\ProgramFactoryMethod\ProgramFactoryMethod.csproj", "{6183AAE8-D030-B7C8-B2DE-189ECB910A2F}"
EndProject
Project("{FAE04EC0-301F-11D3-BF4B-00C04F79EFBC}") = "MazePrototype", "GenerativePatterns\Prototype\MazePrototypeFactory\MazePrototype.csproj", "{34A1303F-8659-C6DE-C62A-D015EEF77B36}"
EndProject
Project("{FAE04EC0-301F-11D3-BF4B-00C04F79EFBC}") = "ProgramPrototype", "GenerativePatterns\Prototype\ProgramPrototype\ProgramPrototype.csproj", "{C78646F2-78AD-CCA7-C58B-CDF958262B7F}"
EndProject
Project("{FAE04EC0-301F-11D3-BF4B-00C04F79EFBC}") = "MazeSingletonFactory", "GenerativePatterns\Singleton\MazeSingletonFactory\MazeSingletonFactory.csproj", "{EC4896B4-6EEB-F238-73E8-32E2EAB50D05}"
EndProject
Project("{FAE04EC0-301F-11D3-BF4B-00C04F79EFBC}") = "ProgramSingleton", "GenerativePatterns\Singleton\ProgramSingleton\ProgramSingleton.csproj", "{38CDA8C7-3CE8-D2C4-B089-759CA2838403}"
EndProject
Project("{FAE04EC0-301F-11D3-BF4B-00C04F79EFBC}") = "DuckAndTurkeyAdapter", "StructuralPatterns\Adapter\DuckAndTurkeyAdapter\DuckAndTurkeyAdapter.csproj", "{8B658AD2-C900-EA40-4B5A-F000DCF51763}"
EndProject
Project("{FAE04EC0-301F-11D3-BF4B-00C04F79EFBC}") = "ProgramAdapter", "StructuralPatterns\Adapter\ProgramAdapter\ProgramAdapter.csproj", "{449D3E21-EE70-8BE0-B9EC-9765AB6F3AC1}"
EndProject
Project("{FAE04EC0-301F-11D3-BF4B-00C04F79EFBC}") = "ProgramBridge", "StructuralPatterns\Bridge\ProgramBridge\ProgramBridge.csproj", "{41084DDA-1AB5-0B73-DEFD-96556CFF359C}"
EndProject
Project("{FAE04EC0-301F-11D3-BF4B-00C04F79EFBC}") = "RemoteControlBridge", "StructuralPatterns\Bridge\RemoteControlBridge\RemoteControlBridge.csproj", "{4EA8823E-6609-5594-7783-761C4F5800F3}"
EndProject
Project("{FAE04EC0-301F-11D3-BF4B-00C04F79EFBC}") = "RemoteControlLibrary", "StructuralPatterns\RemoteControlLibrary\RemoteControlLibrary.csproj", "{6F5E8497-0BE3-7EA7-6F90-C470FFFC648D}"
EndProject
Project("{FAE04EC0-301F-11D3-BF4B-00C04F79EFBC}") = "ProgramFacade", "StructuralPatterns\Facade\ProgramFacade\ProgramFacade.csproj", "{69FA8C55-D727-866C-3E91-CBFD2ED11089}"
EndProject
Project("{FAE04EC0-301F-11D3-BF4B-00C04F79EFBC}") = "RemoteControlFacade", "StructuralPatterns\Facade\RemoteControlFacade\RemoteControlFacade.csproj", "{6FC00ED7-F7DD-22DB-6011-17CE6F8DD6E5}"
EndProject
Project("{2150E333-8FDC-42A3-9474-1A3956D46DE8}") = "Decorator", "Decorator", "{45DB6A77-607D-4071-8298-D75034AC6E9D}"
EndProject
Project("{FAE04EC0-301F-11D3-BF4B-00C04F79EFBC}") = "RemoteControlDecorator", "StructuralPatterns\Decorator\RemoteControlDecorator\RemoteControlDecorator.csproj", "{004A3A50-0130-46F7-A27E-D600CB32FC88}"
EndProject
Project("{FAE04EC0-301F-11D3-BF4B-00C04F79EFBC}") = "ProgramDecorator", "StructuralPatterns\Decorator\ProgramDecorator\ProgramDecorator.csproj", "{6F99404C-403A-48E3-85AF-6059E47D10A4}"
EndProject
Project("{2150E333-8FDC-42A3-9474-1A3956D46DE8}") = "Proxy", "Proxy", "{52BDDF97-43B5-4962-85C0-618F8C59D521}"
EndProject
Project("{FAE04EC0-301F-11D3-BF4B-00C04F79EFBC}") = "RemoteControlProxy", "StructuralPatterns\Proxy\RemoteControlProxy\RemoteControlProxy.csproj", "{BA2CD762-4B8F-464D-8F29-D7602C9C39E4}"
EndProject
Project("{FAE04EC0-301F-11D3-BF4B-00C04F79EFBC}") = "ProgramProxy", "StructuralPatterns\Proxy\ProgramProxy\ProgramProxy\ProgramProxy.csproj", "{732488E0-CBD1-4FFC-B30B-BB8F80740166}"
EndProject
Project("{2150E333-8FDC-42A3-9474-1A3956D46DE8}") = "Composite", "Composite", "{D69F51A4-2E8A-44FB-AAAF-4E6D770E887D}"
EndProject
Project("{FAE04EC0-301F-11D3-BF4B-00C04F79EFBC}") = "BinaryTree", "StructuralPatterns\Composite\BinaryTree\BinaryTree.csproj", "{EFA6A15F-A9AD-4995-B3C5-635C2806B458}"
EndProject
Project("{FAE04EC0-301F-11D3-BF4B-00C04F79EFBC}") = "ProgramComposite", "StructuralPatterns\Composite\ProgramComposite\ProgramComposite.csproj", "{188386A5-96FC-4DB4-85FC-5FC57F67E93F}"
EndProject
Project("{2150E333-8FDC-42A3-9474-1A3956D46DE8}") = "BehaviorPatterns", "BehaviorPatterns", "{7B7619EA-E94D-43D5-A98D-CE919D7D9AB5}"
EndProject
Project("{2150E333-8FDC-42A3-9474-1A3956D46DE8}") = "ChainOfResposibility", "ChainOfResposibility", "{BFF29AEE-53E6-4F2B-8576-91DF25D4D641}"
EndProject
Project("{FAE04EC0-301F-11D3-BF4B-00C04F79EFBC}") = "AnimalsChainOfResponsibility", "BehaviorPatterns\ChainOfResponsibility\AnimalsChainOfResponsibility\AnimalsChainOfResponsibility.csproj", "{6C632995-2D7D-43C8-AE67-B3D4C2E25FC4}"
EndProject
Project("{FAE04EC0-301F-11D3-BF4B-00C04F79EFBC}") = "ProgramChainOfResponsibility", "BehaviorPatterns\ChainOfResponsibility\ProgramChainOfResponsibility\ProgramChainOfResponsibility.csproj", "{0033FC4D-B52D-4BD6-BA9C-798E7D5653D5}"
EndProject
Project("{2150E333-8FDC-42A3-9474-1A3956D46DE8}") = "Command", "Command", "{B977CD2F-7E13-48E4-AC77-12D5B88A51D7}"
EndProject
Project("{FAE04EC0-301F-11D3-BF4B-00C04F79EFBC}") = "GameCharacterCommand", "BehaviorPatterns\Command\GameCharacterCommand\GameCharacterCommand.csproj", "{6B4D18B7-CB25-41AD-AFD5-DB13F2E8C7B8}"
EndProject
Project("{FAE04EC0-301F-11D3-BF4B-00C04F79EFBC}") = "ProgramCommand", "BehaviorPatterns\Command\ProgramCommand\ProgramCommand.csproj", "{653C50EF-049F-4C97-9010-915F36DB68D7}"
EndProject
Project("{2150E333-8FDC-42A3-9474-1A3956D46DE8}") = "Mediator", "Mediator", "{44A9062C-E714-4C7E-BCC6-2D7A9681AA79}"
EndProject
Project("{FAE04EC0-301F-11D3-BF4B-00C04F79EFBC}") = "GameMediator", "BehaviorPatterns\Mediator\GameMediator\GameMediator.csproj", "{DCB1FE4F-A23B-4C03-B248-D281690335F8}"
EndProject
Project("{FAE04EC0-301F-11D3-BF4B-00C04F79EFBC}") = "ProgramMediator", "BehaviorPatterns\Mediator\ProgramMediator\ProgramMediator.csproj", "{49009325-F183-42C8-8B27-5693A6EF43D3}"
EndProject
Project("{2150E333-8FDC-42A3-9474-1A3956D46DE8}") = "Memento", "Memento", "{78AACC13-BEB1-4D22-9638-BAAEB51E9D0A}"
EndProject
Project("{FAE04EC0-301F-11D3-BF4B-00C04F79EFBC}") = "ProgramMemento", "BehaviorPatterns\Memento\ProgramMemento\ProgramMemento.csproj", "{C93A4030-60A1-4691-BCF7-8478FBEC3C8A}"
EndProject
Project("{FAE04EC0-301F-11D3-BF4B-00C04F79EFBC}") = "GameMemento", "BehaviorPatterns\Memento\GameMemento\GameMemento.csproj", "{C33A72CC-6DA8-4F0B-A8C4-00ED0D536270}"
EndProject
Global
	GlobalSection(SolutionConfigurationPlatforms) = preSolution
		Debug|Any CPU = Debug|Any CPU
		Release|Any CPU = Release|Any CPU
	EndGlobalSection
	GlobalSection(ProjectConfigurationPlatforms) = postSolution
		{06B32D6A-F2A9-7984-29EB-EED9E2A83A2C}.Debug|Any CPU.ActiveCfg = Debug|Any CPU
		{06B32D6A-F2A9-7984-29EB-EED9E2A83A2C}.Debug|Any CPU.Build.0 = Debug|Any CPU
		{06B32D6A-F2A9-7984-29EB-EED9E2A83A2C}.Release|Any CPU.ActiveCfg = Release|Any CPU
		{06B32D6A-F2A9-7984-29EB-EED9E2A83A2C}.Release|Any CPU.Build.0 = Release|Any CPU
		{D5623D6B-5238-8423-894E-9DA7E45F7F28}.Debug|Any CPU.ActiveCfg = Debug|Any CPU
		{D5623D6B-5238-8423-894E-9DA7E45F7F28}.Debug|Any CPU.Build.0 = Debug|Any CPU
		{D5623D6B-5238-8423-894E-9DA7E45F7F28}.Release|Any CPU.ActiveCfg = Release|Any CPU
		{D5623D6B-5238-8423-894E-9DA7E45F7F28}.Release|Any CPU.Build.0 = Release|Any CPU
		{A78B3C38-F18C-1560-F10F-2CE3990B35E3}.Debug|Any CPU.ActiveCfg = Debug|Any CPU
		{A78B3C38-F18C-1560-F10F-2CE3990B35E3}.Debug|Any CPU.Build.0 = Debug|Any CPU
		{A78B3C38-F18C-1560-F10F-2CE3990B35E3}.Release|Any CPU.ActiveCfg = Release|Any CPU
		{A78B3C38-F18C-1560-F10F-2CE3990B35E3}.Release|Any CPU.Build.0 = Release|Any CPU
		{A598AECE-FCC3-B475-4977-A1B0DBBEFBFA}.Debug|Any CPU.ActiveCfg = Debug|Any CPU
		{A598AECE-FCC3-B475-4977-A1B0DBBEFBFA}.Debug|Any CPU.Build.0 = Debug|Any CPU
		{A598AECE-FCC3-B475-4977-A1B0DBBEFBFA}.Release|Any CPU.ActiveCfg = Release|Any CPU
		{A598AECE-FCC3-B475-4977-A1B0DBBEFBFA}.Release|Any CPU.Build.0 = Release|Any CPU
		{5D39719C-8FB6-F5E8-4660-0325E104B245}.Debug|Any CPU.ActiveCfg = Debug|Any CPU
		{5D39719C-8FB6-F5E8-4660-0325E104B245}.Debug|Any CPU.Build.0 = Debug|Any CPU
		{5D39719C-8FB6-F5E8-4660-0325E104B245}.Release|Any CPU.ActiveCfg = Release|Any CPU
		{5D39719C-8FB6-F5E8-4660-0325E104B245}.Release|Any CPU.Build.0 = Release|Any CPU
		{31DF08B4-AA94-C2DA-7882-7B2CB4D5609B}.Debug|Any CPU.ActiveCfg = Debug|Any CPU
		{31DF08B4-AA94-C2DA-7882-7B2CB4D5609B}.Debug|Any CPU.Build.0 = Debug|Any CPU
		{31DF08B4-AA94-C2DA-7882-7B2CB4D5609B}.Release|Any CPU.ActiveCfg = Release|Any CPU
		{31DF08B4-AA94-C2DA-7882-7B2CB4D5609B}.Release|Any CPU.Build.0 = Release|Any CPU
		{6183AAE8-D030-B7C8-B2DE-189ECB910A2F}.Debug|Any CPU.ActiveCfg = Debug|Any CPU
		{6183AAE8-D030-B7C8-B2DE-189ECB910A2F}.Debug|Any CPU.Build.0 = Debug|Any CPU
		{6183AAE8-D030-B7C8-B2DE-189ECB910A2F}.Release|Any CPU.ActiveCfg = Release|Any CPU
		{6183AAE8-D030-B7C8-B2DE-189ECB910A2F}.Release|Any CPU.Build.0 = Release|Any CPU
		{34A1303F-8659-C6DE-C62A-D015EEF77B36}.Debug|Any CPU.ActiveCfg = Debug|Any CPU
		{34A1303F-8659-C6DE-C62A-D015EEF77B36}.Debug|Any CPU.Build.0 = Debug|Any CPU
		{34A1303F-8659-C6DE-C62A-D015EEF77B36}.Release|Any CPU.ActiveCfg = Release|Any CPU
		{34A1303F-8659-C6DE-C62A-D015EEF77B36}.Release|Any CPU.Build.0 = Release|Any CPU
		{C78646F2-78AD-CCA7-C58B-CDF958262B7F}.Debug|Any CPU.ActiveCfg = Debug|Any CPU
		{C78646F2-78AD-CCA7-C58B-CDF958262B7F}.Debug|Any CPU.Build.0 = Debug|Any CPU
		{C78646F2-78AD-CCA7-C58B-CDF958262B7F}.Release|Any CPU.ActiveCfg = Release|Any CPU
		{C78646F2-78AD-CCA7-C58B-CDF958262B7F}.Release|Any CPU.Build.0 = Release|Any CPU
		{EC4896B4-6EEB-F238-73E8-32E2EAB50D05}.Debug|Any CPU.ActiveCfg = Debug|Any CPU
		{EC4896B4-6EEB-F238-73E8-32E2EAB50D05}.Debug|Any CPU.Build.0 = Debug|Any CPU
		{EC4896B4-6EEB-F238-73E8-32E2EAB50D05}.Release|Any CPU.ActiveCfg = Release|Any CPU
		{EC4896B4-6EEB-F238-73E8-32E2EAB50D05}.Release|Any CPU.Build.0 = Release|Any CPU
		{38CDA8C7-3CE8-D2C4-B089-759CA2838403}.Debug|Any CPU.ActiveCfg = Debug|Any CPU
		{38CDA8C7-3CE8-D2C4-B089-759CA2838403}.Debug|Any CPU.Build.0 = Debug|Any CPU
		{38CDA8C7-3CE8-D2C4-B089-759CA2838403}.Release|Any CPU.ActiveCfg = Release|Any CPU
		{38CDA8C7-3CE8-D2C4-B089-759CA2838403}.Release|Any CPU.Build.0 = Release|Any CPU
		{8B658AD2-C900-EA40-4B5A-F000DCF51763}.Debug|Any CPU.ActiveCfg = Debug|Any CPU
		{8B658AD2-C900-EA40-4B5A-F000DCF51763}.Debug|Any CPU.Build.0 = Debug|Any CPU
		{8B658AD2-C900-EA40-4B5A-F000DCF51763}.Release|Any CPU.ActiveCfg = Release|Any CPU
		{8B658AD2-C900-EA40-4B5A-F000DCF51763}.Release|Any CPU.Build.0 = Release|Any CPU
		{449D3E21-EE70-8BE0-B9EC-9765AB6F3AC1}.Debug|Any CPU.ActiveCfg = Debug|Any CPU
		{449D3E21-EE70-8BE0-B9EC-9765AB6F3AC1}.Debug|Any CPU.Build.0 = Debug|Any CPU
		{449D3E21-EE70-8BE0-B9EC-9765AB6F3AC1}.Release|Any CPU.ActiveCfg = Release|Any CPU
		{449D3E21-EE70-8BE0-B9EC-9765AB6F3AC1}.Release|Any CPU.Build.0 = Release|Any CPU
		{41084DDA-1AB5-0B73-DEFD-96556CFF359C}.Debug|Any CPU.ActiveCfg = Debug|Any CPU
		{41084DDA-1AB5-0B73-DEFD-96556CFF359C}.Debug|Any CPU.Build.0 = Debug|Any CPU
		{41084DDA-1AB5-0B73-DEFD-96556CFF359C}.Release|Any CPU.ActiveCfg = Release|Any CPU
		{41084DDA-1AB5-0B73-DEFD-96556CFF359C}.Release|Any CPU.Build.0 = Release|Any CPU
		{4EA8823E-6609-5594-7783-761C4F5800F3}.Debug|Any CPU.ActiveCfg = Debug|Any CPU
		{4EA8823E-6609-5594-7783-761C4F5800F3}.Debug|Any CPU.Build.0 = Debug|Any CPU
		{4EA8823E-6609-5594-7783-761C4F5800F3}.Release|Any CPU.ActiveCfg = Release|Any CPU
		{4EA8823E-6609-5594-7783-761C4F5800F3}.Release|Any CPU.Build.0 = Release|Any CPU
		{6F5E8497-0BE3-7EA7-6F90-C470FFFC648D}.Debug|Any CPU.ActiveCfg = Debug|Any CPU
		{6F5E8497-0BE3-7EA7-6F90-C470FFFC648D}.Debug|Any CPU.Build.0 = Debug|Any CPU
		{6F5E8497-0BE3-7EA7-6F90-C470FFFC648D}.Release|Any CPU.ActiveCfg = Release|Any CPU
		{6F5E8497-0BE3-7EA7-6F90-C470FFFC648D}.Release|Any CPU.Build.0 = Release|Any CPU
		{69FA8C55-D727-866C-3E91-CBFD2ED11089}.Debug|Any CPU.ActiveCfg = Debug|Any CPU
		{69FA8C55-D727-866C-3E91-CBFD2ED11089}.Debug|Any CPU.Build.0 = Debug|Any CPU
		{69FA8C55-D727-866C-3E91-CBFD2ED11089}.Release|Any CPU.ActiveCfg = Release|Any CPU
		{69FA8C55-D727-866C-3E91-CBFD2ED11089}.Release|Any CPU.Build.0 = Release|Any CPU
		{6FC00ED7-F7DD-22DB-6011-17CE6F8DD6E5}.Debug|Any CPU.ActiveCfg = Debug|Any CPU
		{6FC00ED7-F7DD-22DB-6011-17CE6F8DD6E5}.Debug|Any CPU.Build.0 = Debug|Any CPU
		{6FC00ED7-F7DD-22DB-6011-17CE6F8DD6E5}.Release|Any CPU.ActiveCfg = Release|Any CPU
		{6FC00ED7-F7DD-22DB-6011-17CE6F8DD6E5}.Release|Any CPU.Build.0 = Release|Any CPU
		{004A3A50-0130-46F7-A27E-D600CB32FC88}.Debug|Any CPU.ActiveCfg = Debug|Any CPU
		{004A3A50-0130-46F7-A27E-D600CB32FC88}.Debug|Any CPU.Build.0 = Debug|Any CPU
		{004A3A50-0130-46F7-A27E-D600CB32FC88}.Release|Any CPU.ActiveCfg = Release|Any CPU
		{004A3A50-0130-46F7-A27E-D600CB32FC88}.Release|Any CPU.Build.0 = Release|Any CPU
		{6F99404C-403A-48E3-85AF-6059E47D10A4}.Debug|Any CPU.ActiveCfg = Debug|Any CPU
		{6F99404C-403A-48E3-85AF-6059E47D10A4}.Debug|Any CPU.Build.0 = Debug|Any CPU
		{6F99404C-403A-48E3-85AF-6059E47D10A4}.Release|Any CPU.ActiveCfg = Release|Any CPU
		{6F99404C-403A-48E3-85AF-6059E47D10A4}.Release|Any CPU.Build.0 = Release|Any CPU
		{BA2CD762-4B8F-464D-8F29-D7602C9C39E4}.Debug|Any CPU.ActiveCfg = Debug|Any CPU
		{BA2CD762-4B8F-464D-8F29-D7602C9C39E4}.Debug|Any CPU.Build.0 = Debug|Any CPU
		{BA2CD762-4B8F-464D-8F29-D7602C9C39E4}.Release|Any CPU.ActiveCfg = Release|Any CPU
		{BA2CD762-4B8F-464D-8F29-D7602C9C39E4}.Release|Any CPU.Build.0 = Release|Any CPU
		{732488E0-CBD1-4FFC-B30B-BB8F80740166}.Debug|Any CPU.ActiveCfg = Debug|Any CPU
		{732488E0-CBD1-4FFC-B30B-BB8F80740166}.Debug|Any CPU.Build.0 = Debug|Any CPU
		{732488E0-CBD1-4FFC-B30B-BB8F80740166}.Release|Any CPU.ActiveCfg = Release|Any CPU
		{732488E0-CBD1-4FFC-B30B-BB8F80740166}.Release|Any CPU.Build.0 = Release|Any CPU
		{EFA6A15F-A9AD-4995-B3C5-635C2806B458}.Debug|Any CPU.ActiveCfg = Debug|Any CPU
		{EFA6A15F-A9AD-4995-B3C5-635C2806B458}.Debug|Any CPU.Build.0 = Debug|Any CPU
		{EFA6A15F-A9AD-4995-B3C5-635C2806B458}.Release|Any CPU.ActiveCfg = Release|Any CPU
		{EFA6A15F-A9AD-4995-B3C5-635C2806B458}.Release|Any CPU.Build.0 = Release|Any CPU
		{188386A5-96FC-4DB4-85FC-5FC57F67E93F}.Debug|Any CPU.ActiveCfg = Debug|Any CPU
		{188386A5-96FC-4DB4-85FC-5FC57F67E93F}.Debug|Any CPU.Build.0 = Debug|Any CPU
		{188386A5-96FC-4DB4-85FC-5FC57F67E93F}.Release|Any CPU.ActiveCfg = Release|Any CPU
		{188386A5-96FC-4DB4-85FC-5FC57F67E93F}.Release|Any CPU.Build.0 = Release|Any CPU
		{6C632995-2D7D-43C8-AE67-B3D4C2E25FC4}.Debug|Any CPU.ActiveCfg = Debug|Any CPU
		{6C632995-2D7D-43C8-AE67-B3D4C2E25FC4}.Debug|Any CPU.Build.0 = Debug|Any CPU
		{6C632995-2D7D-43C8-AE67-B3D4C2E25FC4}.Release|Any CPU.ActiveCfg = Release|Any CPU
		{6C632995-2D7D-43C8-AE67-B3D4C2E25FC4}.Release|Any CPU.Build.0 = Release|Any CPU
		{0033FC4D-B52D-4BD6-BA9C-798E7D5653D5}.Debug|Any CPU.ActiveCfg = Debug|Any CPU
		{0033FC4D-B52D-4BD6-BA9C-798E7D5653D5}.Debug|Any CPU.Build.0 = Debug|Any CPU
		{0033FC4D-B52D-4BD6-BA9C-798E7D5653D5}.Release|Any CPU.ActiveCfg = Release|Any CPU
		{0033FC4D-B52D-4BD6-BA9C-798E7D5653D5}.Release|Any CPU.Build.0 = Release|Any CPU
		{6B4D18B7-CB25-41AD-AFD5-DB13F2E8C7B8}.Debug|Any CPU.ActiveCfg = Debug|Any CPU
		{6B4D18B7-CB25-41AD-AFD5-DB13F2E8C7B8}.Debug|Any CPU.Build.0 = Debug|Any CPU
		{6B4D18B7-CB25-41AD-AFD5-DB13F2E8C7B8}.Release|Any CPU.ActiveCfg = Release|Any CPU
		{6B4D18B7-CB25-41AD-AFD5-DB13F2E8C7B8}.Release|Any CPU.Build.0 = Release|Any CPU
		{653C50EF-049F-4C97-9010-915F36DB68D7}.Debug|Any CPU.ActiveCfg = Debug|Any CPU
		{653C50EF-049F-4C97-9010-915F36DB68D7}.Debug|Any CPU.Build.0 = Debug|Any CPU
		{653C50EF-049F-4C97-9010-915F36DB68D7}.Release|Any CPU.ActiveCfg = Release|Any CPU
		{653C50EF-049F-4C97-9010-915F36DB68D7}.Release|Any CPU.Build.0 = Release|Any CPU
		{DCB1FE4F-A23B-4C03-B248-D281690335F8}.Debug|Any CPU.ActiveCfg = Debug|Any CPU
		{DCB1FE4F-A23B-4C03-B248-D281690335F8}.Debug|Any CPU.Build.0 = Debug|Any CPU
		{DCB1FE4F-A23B-4C03-B248-D281690335F8}.Release|Any CPU.ActiveCfg = Release|Any CPU
		{DCB1FE4F-A23B-4C03-B248-D281690335F8}.Release|Any CPU.Build.0 = Release|Any CPU
		{49009325-F183-42C8-8B27-5693A6EF43D3}.Debug|Any CPU.ActiveCfg = Debug|Any CPU
		{49009325-F183-42C8-8B27-5693A6EF43D3}.Debug|Any CPU.Build.0 = Debug|Any CPU
		{49009325-F183-42C8-8B27-5693A6EF43D3}.Release|Any CPU.ActiveCfg = Release|Any CPU
		{49009325-F183-42C8-8B27-5693A6EF43D3}.Release|Any CPU.Build.0 = Release|Any CPU
		{C93A4030-60A1-4691-BCF7-8478FBEC3C8A}.Debug|Any CPU.ActiveCfg = Debug|Any CPU
		{C93A4030-60A1-4691-BCF7-8478FBEC3C8A}.Debug|Any CPU.Build.0 = Debug|Any CPU
		{C93A4030-60A1-4691-BCF7-8478FBEC3C8A}.Release|Any CPU.ActiveCfg = Release|Any CPU
		{C93A4030-60A1-4691-BCF7-8478FBEC3C8A}.Release|Any CPU.Build.0 = Release|Any CPU
		{C33A72CC-6DA8-4F0B-A8C4-00ED0D536270}.Debug|Any CPU.ActiveCfg = Debug|Any CPU
		{C33A72CC-6DA8-4F0B-A8C4-00ED0D536270}.Debug|Any CPU.Build.0 = Debug|Any CPU
		{C33A72CC-6DA8-4F0B-A8C4-00ED0D536270}.Release|Any CPU.ActiveCfg = Release|Any CPU
		{C33A72CC-6DA8-4F0B-A8C4-00ED0D536270}.Release|Any CPU.Build.0 = Release|Any CPU
	EndGlobalSection
	GlobalSection(SolutionProperties) = preSolution
		HideSolutionNode = FALSE
	EndGlobalSection
	GlobalSection(NestedProjects) = preSolution
		{36D591C7-65C7-A0D1-1CBC-10CDE441BDC8} = {39CC9293-4097-4A90-BD61-6ED2B99C4CBB}
		{363AED24-12B9-43CA-BF1A-60730D983927} = {39CC9293-4097-4A90-BD61-6ED2B99C4CBB}
		{D2E79E18-9C75-4C88-92AB-750BBC99A30C} = {39CC9293-4097-4A90-BD61-6ED2B99C4CBB}
		{A3B2897A-D931-4053-9BAE-8ACAEE852B56} = {39CC9293-4097-4A90-BD61-6ED2B99C4CBB}
		{2AFB9E0A-9E8B-49D4-97E6-FEE9379769A2} = {39CC9293-4097-4A90-BD61-6ED2B99C4CBB}
		{ADD72B37-E140-41D6-ADEC-D815BF3C0B08} = {B5B4F350-7B45-4B48-8AD5-0BAFECF7B6D1}
		{88182EDD-0C22-413A-B83D-8003707506A3} = {B5B4F350-7B45-4B48-8AD5-0BAFECF7B6D1}
		{96696E0E-F654-4064-A55F-CB36F3A0381B} = {B5B4F350-7B45-4B48-8AD5-0BAFECF7B6D1}
		{06B32D6A-F2A9-7984-29EB-EED9E2A83A2C} = {39CC9293-4097-4A90-BD61-6ED2B99C4CBB}
		{D5623D6B-5238-8423-894E-9DA7E45F7F28} = {36D591C7-65C7-A0D1-1CBC-10CDE441BDC8}
		{A78B3C38-F18C-1560-F10F-2CE3990B35E3} = {36D591C7-65C7-A0D1-1CBC-10CDE441BDC8}
		{A598AECE-FCC3-B475-4977-A1B0DBBEFBFA} = {363AED24-12B9-43CA-BF1A-60730D983927}
		{5D39719C-8FB6-F5E8-4660-0325E104B245} = {363AED24-12B9-43CA-BF1A-60730D983927}
		{31DF08B4-AA94-C2DA-7882-7B2CB4D5609B} = {D2E79E18-9C75-4C88-92AB-750BBC99A30C}
		{6183AAE8-D030-B7C8-B2DE-189ECB910A2F} = {D2E79E18-9C75-4C88-92AB-750BBC99A30C}
		{34A1303F-8659-C6DE-C62A-D015EEF77B36} = {A3B2897A-D931-4053-9BAE-8ACAEE852B56}
		{C78646F2-78AD-CCA7-C58B-CDF958262B7F} = {A3B2897A-D931-4053-9BAE-8ACAEE852B56}
		{EC4896B4-6EEB-F238-73E8-32E2EAB50D05} = {2AFB9E0A-9E8B-49D4-97E6-FEE9379769A2}
		{38CDA8C7-3CE8-D2C4-B089-759CA2838403} = {2AFB9E0A-9E8B-49D4-97E6-FEE9379769A2}
		{8B658AD2-C900-EA40-4B5A-F000DCF51763} = {88182EDD-0C22-413A-B83D-8003707506A3}
		{449D3E21-EE70-8BE0-B9EC-9765AB6F3AC1} = {88182EDD-0C22-413A-B83D-8003707506A3}
		{41084DDA-1AB5-0B73-DEFD-96556CFF359C} = {96696E0E-F654-4064-A55F-CB36F3A0381B}
		{4EA8823E-6609-5594-7783-761C4F5800F3} = {96696E0E-F654-4064-A55F-CB36F3A0381B}
		{6F5E8497-0BE3-7EA7-6F90-C470FFFC648D} = {B5B4F350-7B45-4B48-8AD5-0BAFECF7B6D1}
		{69FA8C55-D727-866C-3E91-CBFD2ED11089} = {ADD72B37-E140-41D6-ADEC-D815BF3C0B08}
		{6FC00ED7-F7DD-22DB-6011-17CE6F8DD6E5} = {ADD72B37-E140-41D6-ADEC-D815BF3C0B08}
		{45DB6A77-607D-4071-8298-D75034AC6E9D} = {B5B4F350-7B45-4B48-8AD5-0BAFECF7B6D1}
		{004A3A50-0130-46F7-A27E-D600CB32FC88} = {45DB6A77-607D-4071-8298-D75034AC6E9D}
		{6F99404C-403A-48E3-85AF-6059E47D10A4} = {45DB6A77-607D-4071-8298-D75034AC6E9D}
		{52BDDF97-43B5-4962-85C0-618F8C59D521} = {B5B4F350-7B45-4B48-8AD5-0BAFECF7B6D1}
		{BA2CD762-4B8F-464D-8F29-D7602C9C39E4} = {52BDDF97-43B5-4962-85C0-618F8C59D521}
		{732488E0-CBD1-4FFC-B30B-BB8F80740166} = {52BDDF97-43B5-4962-85C0-618F8C59D521}
		{D69F51A4-2E8A-44FB-AAAF-4E6D770E887D} = {B5B4F350-7B45-4B48-8AD5-0BAFECF7B6D1}
		{EFA6A15F-A9AD-4995-B3C5-635C2806B458} = {D69F51A4-2E8A-44FB-AAAF-4E6D770E887D}
		{188386A5-96FC-4DB4-85FC-5FC57F67E93F} = {D69F51A4-2E8A-44FB-AAAF-4E6D770E887D}
		{BFF29AEE-53E6-4F2B-8576-91DF25D4D641} = {7B7619EA-E94D-43D5-A98D-CE919D7D9AB5}
		{6C632995-2D7D-43C8-AE67-B3D4C2E25FC4} = {BFF29AEE-53E6-4F2B-8576-91DF25D4D641}
		{0033FC4D-B52D-4BD6-BA9C-798E7D5653D5} = {BFF29AEE-53E6-4F2B-8576-91DF25D4D641}
		{B977CD2F-7E13-48E4-AC77-12D5B88A51D7} = {7B7619EA-E94D-43D5-A98D-CE919D7D9AB5}
		{6B4D18B7-CB25-41AD-AFD5-DB13F2E8C7B8} = {B977CD2F-7E13-48E4-AC77-12D5B88A51D7}
		{653C50EF-049F-4C97-9010-915F36DB68D7} = {B977CD2F-7E13-48E4-AC77-12D5B88A51D7}
		{44A9062C-E714-4C7E-BCC6-2D7A9681AA79} = {7B7619EA-E94D-43D5-A98D-CE919D7D9AB5}
		{DCB1FE4F-A23B-4C03-B248-D281690335F8} = {44A9062C-E714-4C7E-BCC6-2D7A9681AA79}
		{49009325-F183-42C8-8B27-5693A6EF43D3} = {44A9062C-E714-4C7E-BCC6-2D7A9681AA79}
		{78AACC13-BEB1-4D22-9638-BAAEB51E9D0A} = {7B7619EA-E94D-43D5-A98D-CE919D7D9AB5}
		{C93A4030-60A1-4691-BCF7-8478FBEC3C8A} = {78AACC13-BEB1-4D22-9638-BAAEB51E9D0A}
		{C33A72CC-6DA8-4F0B-A8C4-00ED0D536270} = {78AACC13-BEB1-4D22-9638-BAAEB51E9D0A}
	EndGlobalSection
	GlobalSection(ExtensibilityGlobals) = postSolution
		SolutionGuid = {DE905AFF-E3C3-4BA8-BE99-2DB83D1B4720}
	EndGlobalSection
EndGlobal
